
Microsoft Visual Studio Solution File, Format Version 12.00
# Visual Studio Version 17
VisualStudioVersion = 17.5.33516.290
MinimumVisualStudioVersion = 10.0.40219.1
Project("{FAE04EC0-301F-11D3-BF4B-00C04F79EFBC}") = "ShoppingAPI_Jueves_2023II", "ShoppingAPI_Jueves_2023II.csproj", "{BF9D0B12-C45E-428C-AEAA-906FD8903A53}"
EndProject
Global
	GlobalSection(SolutionConfigurationPlatforms) = preSolution
		Debug|Any CPU = Debug|Any CPU
		Release|Any CPU = Release|Any CPU
	EndGlobalSection
	GlobalSection(ProjectConfigurationPlatforms) = postSolution
		{BF9D0B12-C45E-428C-AEAA-906FD8903A53}.Debug|Any CPU.ActiveCfg = Debug|Any CPU
		{BF9D0B12-C45E-428C-AEAA-906FD8903A53}.Debug|Any CPU.Build.0 = Debug|Any CPU
		{BF9D0B12-C45E-428C-AEAA-906FD8903A53}.Release|Any CPU.ActiveCfg = Release|Any CPU
		{BF9D0B12-C45E-428C-AEAA-906FD8903A53}.Release|Any CPU.Build.0 = Release|Any CPU
	EndGlobalSection
	GlobalSection(SolutionProperties) = preSolution
		HideSolutionNode = FALSE
	EndGlobalSection
	GlobalSection(ExtensibilityGlobals) = postSolution
		SolutionGuid = {EE9385D3-AF1C-4236-9DD5-DEE9C8CC176F}
	EndGlobalSection
EndGlobal
